// !$*UTF8*$!
{
	archiveVersion = 1;
	classes = {
	};
	objectVersion = 46;
	objects = {

/* Begin PBXBuildFile section */
		467358BD1D6CC1B600A9868C /* AppDelegate.swift in Sources */ = {isa = PBXBuildFile; fileRef = 467358BC1D6CC1B600A9868C /* AppDelegate.swift */; };
		467358BF1D6CC1B600A9868C /* ViewController.swift in Sources */ = {isa = PBXBuildFile; fileRef = 467358BE1D6CC1B600A9868C /* ViewController.swift */; };
		467358C21D6CC1B600A9868C /* Main.storyboard in Resources */ = {isa = PBXBuildFile; fileRef = 467358C01D6CC1B600A9868C /* Main.storyboard */; };
		467358C41D6CC1B600A9868C /* Assets.xcassets in Resources */ = {isa = PBXBuildFile; fileRef = 467358C31D6CC1B600A9868C /* Assets.xcassets */; };
		467358C71D6CC1B600A9868C /* LaunchScreen.storyboard in Resources */ = {isa = PBXBuildFile; fileRef = 467358C51D6CC1B600A9868C /* LaunchScreen.storyboard */; };
		46E98FCB1D6CE32700833899 /* infoscreen.swift in Sources */ = {isa = PBXBuildFile; fileRef = 46E98FCA1D6CE32700833899 /* infoscreen.swift */; };
/* End PBXBuildFile section */

/* Begin PBXFileReference section */
		467358B91D6CC1B600A9868C /* fav-place.app */ = {isa = PBXFileReference; explicitFileType = wrapper.application; includeInIndex = 0; path = "fav-place.app"; sourceTree = BUILT_PRODUCTS_DIR; };
		467358BC1D6CC1B600A9868C /* AppDelegate.swift */ = {isa = PBXFileReference; lastKnownFileType = sourcecode.swift; path = AppDelegate.swift; sourceTree = "<group>"; };
		467358BE1D6CC1B600A9868C /* ViewController.swift */ = {isa = PBXFileReference; lastKnownFileType = sourcecode.swift; path = ViewController.swift; sourceTree = "<group>"; };
		467358C11D6CC1B600A9868C /* Base */ = {isa = PBXFileReference; lastKnownFileType = file.storyboard; name = Base; path = Base.lproj/Main.storyboard; sourceTree = "<group>"; };
		467358C31D6CC1B600A9868C /* Assets.xcassets */ = {isa = PBXFileReference; lastKnownFileType = folder.assetcatalog; path = Assets.xcassets; sourceTree = "<group>"; };
		467358C61D6CC1B600A9868C /* Base */ = {isa = PBXFileReference; lastKnownFileType = file.storyboard; name = Base; path = Base.lproj/LaunchScreen.storyboard; sourceTree = "<group>"; };
		467358C81D6CC1B600A9868C /* Info.plist */ = {isa = PBXFileReference; lastKnownFileType = text.plist.xml; path = Info.plist; sourceTree = "<group>"; };
		46E98FCA1D6CE32700833899 /* infoscreen.swift */ = {isa = PBXFileReference; fileEncoding = 4; lastKnownFileType = sourcecode.swift; path = infoscreen.swift; sourceTree = "<group>"; };
/* End PBXFileReference section */

/* Begin PBXFrameworksBuildPhase section */
		467358B61D6CC1B600A9868C /* Frameworks */ = {
			isa = PBXFrameworksBuildPhase;
			buildActionMask = 2147483647;
			files = (
			);
			runOnlyForDeploymentPostprocessing = 0;
		};
/* End PBXFrameworksBuildPhase section */

/* Begin PBXGroup section */
		467358B01D6CC1B600A9868C = {
			isa = PBXGroup;
			children = (
				467358BB1D6CC1B600A9868C /* fav-place */,
				467358BA1D6CC1B600A9868C /* Products */,
			);
			sourceTree = "<group>";
		};
		467358BA1D6CC1B600A9868C /* Products */ = {
			isa = PBXGroup;
			children = (
				467358B91D6CC1B600A9868C /* fav-place.app */,
			);
			name = Products;
			sourceTree = "<group>";
		};
		467358BB1D6CC1B600A9868C /* fav-place */ = {
			isa = PBXGroup;
			children = (
				467358BC1D6CC1B600A9868C /* AppDelegate.swift */,
				467358BE1D6CC1B600A9868C /* ViewController.swift */,
				467358C01D6CC1B600A9868C /* Main.storyboard */,
				46E98FCA1D6CE32700833899 /* infoscreen.swift */,
				467358C31D6CC1B600A9868C /* Assets.xcassets */,
				467358C51D6CC1B600A9868C /* LaunchScreen.storyboard */,
				467358C81D6CC1B600A9868C /* Info.plist */,
			);
			path = "fav-place";
			sourceTree = "<group>";
		};
/* End PBXGroup section */

/* Begin PBXNativeTarget section */
		467358B81D6CC1B600A9868C /* fav-place */ = {
			isa = PBXNativeTarget;
			buildConfigurationList = 467358CB1D6CC1B600A9868C /* Build configuration list for PBXNativeTarget "fav-place" */;
			buildPhases = (
				467358B51D6CC1B600A9868C /* Sources */,
				467358B61D6CC1B600A9868C /* Frameworks */,
				467358B71D6CC1B600A9868C /* Resources */,
			);
			buildRules = (
			);
			dependencies = (
			);
			name = "fav-place";
			productName = "fav-place";
			productReference = 467358B91D6CC1B600A9868C /* fav-place.app */;
			productType = "com.apple.product-type.application";
		};
/* End PBXNativeTarget section */

/* Begin PBXProject section */
		467358B11D6CC1B600A9868C /* Project object */ = {
			isa = PBXProject;
			attributes = {
				LastSwiftUpdateCheck = 0730;
				LastUpgradeCheck = 0730;
				ORGANIZATIONNAME = com.orangemelt;
				TargetAttributes = {
					467358B81D6CC1B600A9868C = {
						CreatedOnToolsVersion = 7.3.1;
					};
				};
			};
			buildConfigurationList = 467358B41D6CC1B600A9868C /* Build configuration list for PBXProject "fav-place" */;
			compatibilityVersion = "Xcode 3.2";
			developmentRegion = English;
			hasScannedForEncodings = 0;
			knownRegions = (
				en,
				Base,
			);
			mainGroup = 467358B01D6CC1B600A9868C;
			productRefGroup = 467358BA1D6CC1B600A9868C /* Products */;
			projectDirPath = "";
			projectRoot = "";
			targets = (
				467358B81D6CC1B600A9868C /* fav-place */,
			);
		};
/* End PBXProject section */

/* Begin PBXResourcesBuildPhase section */
		467358B71D6CC1B600A9868C /* Resources */ = {
			isa = PBXResourcesBuildPhase;
			buildActionMask = 2147483647;
			files = (
				467358C71D6CC1B600A9868C /* LaunchScreen.storyboard in Resources */,
				467358C41D6CC1B600A9868C /* Assets.xcassets in Resources */,
				467358C21D6CC1B600A9868C /* Main.storyboard in Resources */,
			);
			runOnlyForDeploymentPostprocessing = 0;
		};
/* End PBXResourcesBuildPhase section */

/* Begin PBXSourcesBuildPhase section */
		467358B51D6CC1B600A9868C /* Sources */ = {
			isa = PBXSourcesBuildPhase;
			buildActionMask = 2147483647;
			files = (
				46E98FCB1D6CE32700833899 /* infoscreen.swift in Sources */,
				467358BF1D6CC1B600A9868C /* ViewController.swift in Sources */,
				467358BD1D6CC1B600A9868C /* AppDelegate.swift in Sources */,
			);
			runOnlyForDeploymentPostprocessing = 0;
		};
/* End PBXSourcesBuildPhase section */

/* Begin PBXVariantGroup section */
		467358C01D6CC1B600A9868C /* Main.storyboard */ = {
			isa = PBXVariantGroup;
			children = (
				467358C11D6CC1B600A9868C /* Base */,
			);
			name = Main.storyboard;
			sourceTree = "<group>";
		};
		467358C51D6CC1B600A9868C /* LaunchScreen.storyboard */ = {
			isa = PBXVariantGroup;
			children = (
				467358C61D6CC1B600A9868C /* Base */,
			);
			name = LaunchScreen.storyboard;
			sourceTree = "<group>";
		};
/* End PBXVariantGroup section */

/* Begin XCBuildConfiguration section */
		467358C91D6CC1B600A9868C /* Debug */ = {
			isa = XCBuildConfiguration;
			buildSettings = {
				ALWAYS_SEARCH_USER_PATHS = NO;
				CLANG_ANALYZER_NONNULL = YES;
				CLANG_CXX_LANGUAGE_STANDARD = "gnu++0x";
				CLANG_CXX_LIBRARY = "libc++";
				CLANG_ENABLE_MODULES = YES;
				CLANG_ENABLE_OBJC_ARC = YES;
				CLANG_WARN_BOOL_CONVERSION = YES;
				CLANG_WARN_CONSTANT_CONVERSION = YES;
				CLANG_WARN_DIRECT_OBJC_ISA_USAGE = YES_ERROR;
				CLANG_WARN_EMPTY_BODY = YES;
				CLANG_WARN_ENUM_CONVERSION = YES;
				CLANG_WARN_INT_CONVERSION = YES;
				CLANG_WARN_OBJC_ROOT_CLASS = YES_ERROR;
				CLANG_WARN_UNREACHABLE_CODE = YES;
				CLANG_WARN__DUPLICATE_METHOD_MATCH = YES;
				"CODE_SIGN_IDENTITY[sdk=iphoneos*]" = "iPhone Developer";
				COPY_PHASE_STRIP = NO;
				DEBUG_INFORMATION_FORMAT = dwarf;
				ENABLE_STRICT_OBJC_MSGSEND = YES;
				ENABLE_TESTABILITY = YES;
				GCC_C_LANGUAGE_STANDARD = gnu99;
				GCC_DYNAMIC_NO_PIC = NO;
				GCC_NO_COMMON_BLOCKS = YES;
				GCC_OPTIMIZATION_LEVEL = 0;
				GCC_PREPROCESSOR_DEFINITIONS = (
					"DEBUG=1",
					"$(inherited)",
				);
				GCC_WARN_64_TO_32_BIT_CONVERSION = YES;
				GCC_WARN_ABOUT_RETURN_TYPE = YES_ERROR;
				GCC_WARN_UNDECLARED_SELECTOR = YES;
				GCC_WARN_UNINITIALIZED_AUTOS = YES_AGGRESSIVE;
				GCC_WARN_UNUSED_FUNCTION = YES;
				GCC_WARN_UNUSED_VARIABLE = YES;
				IPHONEOS_DEPLOYMENT_TARGET = 9.3;
				MTL_ENABLE_DEBUG_INFO = YES;
				ONLY_ACTIVE_ARCH = YES;
				SDKROOT = iphoneos;
				SWIFT_OPTIMIZATION_LEVEL = "-Onone";
				TARGETED_DEVICE_FAMILY = "1,2";
			};
			name = Debug;
		};
		467358CA1D6CC1B600A9868C /* Release */ = {
			isa = XCBuildConfiguration;
			buildSettings = {
				ALWAYS_SEARCH_USER_PATHS = NO;
				CLANG_ANALYZER_NONNULL = YES;
				CLANG_CXX_LANGUAGE_STANDARD = "gnu++0x";
				CLANG_CXX_LIBRARY = "libc++";
				CLANG_ENABLE_MODULES = YES;
				CLANG_ENABLE_OBJC_ARC = YES;
				CLANG_WARN_BOOL_CONVERSION = YES;
				CLANG_WARN_CONSTANT_CONVERSION = YES;
				CLANG_WARN_DIRECT_OBJC_ISA_USAGE = YES_ERROR;
				CLANG_WARN_EMPTY_BODY = YES;
				CLANG_WARN_ENUM_CONVERSION = YES;
				CLANG_WARN_INT_CONVERSION = YES;
				CLANG_WARN_OBJC_ROOT_CLASS = YES_ERROR;
				CLANG_WARN_UNREACHABLE_CODE = YES;
				CLANG_WARN__DUPLICATE_METHOD_MATCH = YES;
				"CODE_SIGN_IDENTITY[sdk=iphoneos*]" = "iPhone Developer";
				COPY_PHASE_STRIP = NO;
				DEBUG_INFORMATION_FORMAT = "dwarf-with-dsym";
				ENABLE_NS_ASSERTIONS = NO;
				ENABLE_STRICT_OBJC_MSGSEND = YES;
				GCC_C_LANGUAGE_STANDARD = gnu99;
				GCC_NO_COMMON_BLOCKS = YES;
				GCC_WARN_64_TO_32_BIT_CONVERSION = YES;
				GCC_WARN_ABOUT_RETURN_TYPE = YES_ERROR;
				GCC_WARN_UNDECLARED_SELECTOR = YES;
				GCC_WARN_UNINITIALIZED_AUTOS = YES_AGGRESSIVE;
				GCC_WARN_UNUSED_FUNCTION = YES;
				GCC_WARN_UNUSED_VARIABLE = YES;
				IPHONEOS_DEPLOYMENT_TARGET = 9.3;
				MTL_ENABLE_DEBUG_INFO = NO;
				SDKROOT = iphoneos;
				TARGETED_DEVICE_FAMILY = "1,2";
				VALIDATE_PRODUCT = YES;
			};
			name = Release;
		};
		467358CC1D6CC1B600A9868C /* Debug */ = {
			isa = XCBuildConfiguration;
			buildSettings = {
				ASSETCATALOG_COMPILER_APPICON_NAME = AppIcon;
				INFOPLIST_FILE = "fav-place/Info.plist";
				LD_RUNPATH_SEARCH_PATHS = "$(inherited) @executable_path/Frameworks";
				PRODUCT_BUNDLE_IDENTIFIER = "orangemelt.fav-place";
				PRODUCT_NAME = "$(TARGET_NAME)";
			};
			name = Debug;
		};
		467358CD1D6CC1B600A9868C /* Release */ = {
			isa = XCBuildConfiguration;
			buildSettings = {
				ASSETCATALOG_COMPILER_APPICON_NAME = AppIcon;
				INFOPLIST_FILE = "fav-place/Info.plist";
				LD_RUNPATH_SEARCH_PATHS = "$(inherited) @executable_path/Frameworks";
				PRODUCT_BUNDLE_IDENTIFIER = "orangemelt.fav-place";
				PRODUCT_NAME = "$(TARGET_NAME)";
			};
			name = Release;
		};
/* End XCBuildConfiguration section */

/* Begin XCConfigurationList section */
		467358B41D6CC1B600A9868C /* Build configuration list for PBXProject "fav-place" */ = {
			isa = XCConfigurationList;
			buildConfigurations = (
				467358C91D6CC1B600A9868C /* Debug */,
				467358CA1D6CC1B600A9868C /* Release */,
			);
			defaultConfigurationIsVisible = 0;
			defaultConfigurationName = Release;
		};
		467358CB1D6CC1B600A9868C /* Build configuration list for PBXNativeTarget "fav-place" */ = {
			isa = XCConfigurationList;
			buildConfigurations = (
				467358CC1D6CC1B600A9868C /* Debug */,
				467358CD1D6CC1B600A9868C /* Release */,
			);
			defaultConfigurationIsVisible = 0;
			defaultConfigurationName = Release;
		};
/* End XCConfigurationList section */
	};
	rootObject = 467358B11D6CC1B600A9868C /* Project object */;
}
